// !$*UTF8*$!
{
	archiveVersion = 1;
	classes = {
	};
	objectVersion = 48;
	objects = {

/* Begin PBXBuildFile section */
		0509B232202C554E000971D8 /* AppDelegate.m in Sources */ = {isa = PBXBuildFile; fileRef = 0509B231202C554E000971D8 /* AppDelegate.m */; };
		0509B235202C554E000971D8 /* ViewController.m in Sources */ = {isa = PBXBuildFile; fileRef = 0509B234202C554E000971D8 /* ViewController.m */; };
		0509B238202C554E000971D8 /* Main.storyboard in Resources */ = {isa = PBXBuildFile; fileRef = 0509B236202C554E000971D8 /* Main.storyboard */; };
		0509B23A202C554E000971D8 /* Assets.xcassets in Resources */ = {isa = PBXBuildFile; fileRef = 0509B239202C554E000971D8 /* Assets.xcassets */; };
		0509B23D202C554E000971D8 /* LaunchScreen.storyboard in Resources */ = {isa = PBXBuildFile; fileRef = 0509B23B202C554E000971D8 /* LaunchScreen.storyboard */; };
		0509B240202C554E000971D8 /* main.m in Sources */ = {isa = PBXBuildFile; fileRef = 0509B23F202C554E000971D8 /* main.m */; };
		0509B24A202C554E000971D8 /* VideoPlayTests.m in Sources */ = {isa = PBXBuildFile; fileRef = 0509B249202C554E000971D8 /* VideoPlayTests.m */; };
		0509B255202C554E000971D8 /* VideoPlayUITests.m in Sources */ = {isa = PBXBuildFile; fileRef = 0509B254202C554E000971D8 /* VideoPlayUITests.m */; };
/* End PBXBuildFile section */

/* Begin PBXContainerItemProxy section */
		0509B246202C554E000971D8 /* PBXContainerItemProxy */ = {
			isa = PBXContainerItemProxy;
			containerPortal = 0509B225202C554D000971D8 /* Project object */;
			proxyType = 1;
			remoteGlobalIDString = 0509B22C202C554E000971D8;
			remoteInfo = VideoPlay;
		};
		0509B251202C554E000971D8 /* PBXContainerItemProxy */ = {
			isa = PBXContainerItemProxy;
			containerPortal = 0509B225202C554D000971D8 /* Project object */;
			proxyType = 1;
			remoteGlobalIDString = 0509B22C202C554E000971D8;
			remoteInfo = VideoPlay;
		};
/* End PBXContainerItemProxy section */

/* Begin PBXFileReference section */
		0509B22D202C554E000971D8 /* VideoPlay.app */ = {isa = PBXFileReference; explicitFileType = wrapper.application; includeInIndex = 0; path = VideoPlay.app; sourceTree = BUILT_PRODUCTS_DIR; };
		0509B230202C554E000971D8 /* AppDelegate.h */ = {isa = PBXFileReference; lastKnownFileType = sourcecode.c.h; path = AppDelegate.h; sourceTree = "<group>"; };
		0509B231202C554E000971D8 /* AppDelegate.m */ = {isa = PBXFileReference; lastKnownFileType = sourcecode.c.objc; path = AppDelegate.m; sourceTree = "<group>"; };
		0509B233202C554E000971D8 /* ViewController.h */ = {isa = PBXFileReference; lastKnownFileType = sourcecode.c.h; path = ViewController.h; sourceTree = "<group>"; };
		0509B234202C554E000971D8 /* ViewController.m */ = {isa = PBXFileReference; lastKnownFileType = sourcecode.c.objc; path = ViewController.m; sourceTree = "<group>"; };
		0509B237202C554E000971D8 /* Base */ = {isa = PBXFileReference; lastKnownFileType = file.storyboard; name = Base; path = Base.lproj/Main.storyboard; sourceTree = "<group>"; };
		0509B239202C554E000971D8 /* Assets.xcassets */ = {isa = PBXFileReference; lastKnownFileType = folder.assetcatalog; path = Assets.xcassets; sourceTree = "<group>"; };
		0509B23C202C554E000971D8 /* Base */ = {isa = PBXFileReference; lastKnownFileType = file.storyboard; name = Base; path = Base.lproj/LaunchScreen.storyboard; sourceTree = "<group>"; };
		0509B23E202C554E000971D8 /* Info.plist */ = {isa = PBXFileReference; lastKnownFileType = text.plist.xml; path = Info.plist; sourceTree = "<group>"; };
		0509B23F202C554E000971D8 /* main.m */ = {isa = PBXFileReference; lastKnownFileType = sourcecode.c.objc; path = main.m; sourceTree = "<group>"; };
		0509B245202C554E000971D8 /* VideoPlayTests.xctest */ = {isa = PBXFileReference; explicitFileType = wrapper.cfbundle; includeInIndex = 0; path = VideoPlayTests.xctest; sourceTree = BUILT_PRODUCTS_DIR; };
		0509B249202C554E000971D8 /* VideoPlayTests.m */ = {isa = PBXFileReference; lastKnownFileType = sourcecode.c.objc; path = VideoPlayTests.m; sourceTree = "<group>"; };
		0509B24B202C554E000971D8 /* Info.plist */ = {isa = PBXFileReference; lastKnownFileType = text.plist.xml; path = Info.plist; sourceTree = "<group>"; };
		0509B250202C554E000971D8 /* VideoPlayUITests.xctest */ = {isa = PBXFileReference; explicitFileType = wrapper.cfbundle; includeInIndex = 0; path = VideoPlayUITests.xctest; sourceTree = BUILT_PRODUCTS_DIR; };
		0509B254202C554E000971D8 /* VideoPlayUITests.m */ = {isa = PBXFileReference; lastKnownFileType = sourcecode.c.objc; path = VideoPlayUITests.m; sourceTree = "<group>"; };
		0509B256202C554E000971D8 /* Info.plist */ = {isa = PBXFileReference; lastKnownFileType = text.plist.xml; path = Info.plist; sourceTree = "<group>"; };
/* End PBXFileReference section */

/* Begin PBXFrameworksBuildPhase section */
		0509B22A202C554E000971D8 /* Frameworks */ = {
			isa = PBXFrameworksBuildPhase;
			buildActionMask = 2147483647;
			files = (
			);
			runOnlyForDeploymentPostprocessing = 0;
		};
		0509B242202C554E000971D8 /* Frameworks */ = {
			isa = PBXFrameworksBuildPhase;
			buildActionMask = 2147483647;
			files = (
			);
			runOnlyForDeploymentPostprocessing = 0;
		};
		0509B24D202C554E000971D8 /* Frameworks */ = {
			isa = PBXFrameworksBuildPhase;
			buildActionMask = 2147483647;
			files = (
			);
			runOnlyForDeploymentPostprocessing = 0;
		};
/* End PBXFrameworksBuildPhase section */

/* Begin PBXGroup section */
		0509B224202C554D000971D8 = {
			isa = PBXGroup;
			children = (
				0509B22F202C554E000971D8 /* VideoPlay */,
				0509B248202C554E000971D8 /* VideoPlayTests */,
				0509B253202C554E000971D8 /* VideoPlayUITests */,
				0509B22E202C554E000971D8 /* Products */,
			);
			sourceTree = "<group>";
		};
		0509B22E202C554E000971D8 /* Products */ = {
			isa = PBXGroup;
			children = (
				0509B22D202C554E000971D8 /* VideoPlay.app */,
				0509B245202C554E000971D8 /* VideoPlayTests.xctest */,
				0509B250202C554E000971D8 /* VideoPlayUITests.xctest */,
			);
			name = Products;
			sourceTree = "<group>";
		};
		0509B22F202C554E000971D8 /* VideoPlay */ = {
			isa = PBXGroup;
			children = (
				0509B230202C554E000971D8 /* AppDelegate.h */,
				0509B231202C554E000971D8 /* AppDelegate.m */,
				0509B233202C554E000971D8 /* ViewController.h */,
				0509B234202C554E000971D8 /* ViewController.m */,
				0509B236202C554E000971D8 /* Main.storyboard */,
				0509B239202C554E000971D8 /* Assets.xcassets */,
				0509B23B202C554E000971D8 /* LaunchScreen.storyboard */,
				0509B23E202C554E000971D8 /* Info.plist */,
				0509B23F202C554E000971D8 /* main.m */,
			);
			path = VideoPlay;
			sourceTree = "<group>";
		};
		0509B248202C554E000971D8 /* VideoPlayTests */ = {
			isa = PBXGroup;
			children = (
				0509B249202C554E000971D8 /* VideoPlayTests.m */,
				0509B24B202C554E000971D8 /* Info.plist */,
			);
			path = VideoPlayTests;
			sourceTree = "<group>";
		};
		0509B253202C554E000971D8 /* VideoPlayUITests */ = {
			isa = PBXGroup;
			children = (
				0509B254202C554E000971D8 /* VideoPlayUITests.m */,
				0509B256202C554E000971D8 /* Info.plist */,
			);
			path = VideoPlayUITests;
			sourceTree = "<group>";
		};
/* End PBXGroup section */

/* Begin PBXNativeTarget section */
		0509B22C202C554E000971D8 /* VideoPlay */ = {
			isa = PBXNativeTarget;
			buildConfigurationList = 0509B259202C554E000971D8 /* Build configuration list for PBXNativeTarget "VideoPlay" */;
			buildPhases = (
				0509B229202C554E000971D8 /* Sources */,
				0509B22A202C554E000971D8 /* Frameworks */,
				0509B22B202C554E000971D8 /* Resources */,
			);
			buildRules = (
			);
			dependencies = (
			);
			name = VideoPlay;
			productName = VideoPlay;
			productReference = 0509B22D202C554E000971D8 /* VideoPlay.app */;
			productType = "com.apple.product-type.application";
		};
		0509B244202C554E000971D8 /* VideoPlayTests */ = {
			isa = PBXNativeTarget;
			buildConfigurationList = 0509B25C202C554E000971D8 /* Build configuration list for PBXNativeTarget "VideoPlayTests" */;
			buildPhases = (
				0509B241202C554E000971D8 /* Sources */,
				0509B242202C554E000971D8 /* Frameworks */,
				0509B243202C554E000971D8 /* Resources */,
			);
			buildRules = (
			);
			dependencies = (
				0509B247202C554E000971D8 /* PBXTargetDependency */,
			);
			name = VideoPlayTests;
			productName = VideoPlayTests;
			productReference = 0509B245202C554E000971D8 /* VideoPlayTests.xctest */;
			productType = "com.apple.product-type.bundle.unit-test";
		};
		0509B24F202C554E000971D8 /* VideoPlayUITests */ = {
			isa = PBXNativeTarget;
			buildConfigurationList = 0509B25F202C554E000971D8 /* Build configuration list for PBXNativeTarget "VideoPlayUITests" */;
			buildPhases = (
				0509B24C202C554E000971D8 /* Sources */,
				0509B24D202C554E000971D8 /* Frameworks */,
				0509B24E202C554E000971D8 /* Resources */,
			);
			buildRules = (
			);
			dependencies = (
				0509B252202C554E000971D8 /* PBXTargetDependency */,
			);
			name = VideoPlayUITests;
			productName = VideoPlayUITests;
			productReference = 0509B250202C554E000971D8 /* VideoPlayUITests.xctest */;
			productType = "com.apple.product-type.bundle.ui-testing";
		};
/* End PBXNativeTarget section */

/* Begin PBXProject section */
		0509B225202C554D000971D8 /* Project object */ = {
			isa = PBXProject;
			attributes = {
				LastUpgradeCheck = 0920;
				ORGANIZATIONNAME = "范浩云";
				TargetAttributes = {
					0509B22C202C554E000971D8 = {
						CreatedOnToolsVersion = 9.2;
						ProvisioningStyle = Automatic;
					};
					0509B244202C554E000971D8 = {
						CreatedOnToolsVersion = 9.2;
						ProvisioningStyle = Automatic;
						TestTargetID = 0509B22C202C554E000971D8;
					};
					0509B24F202C554E000971D8 = {
						CreatedOnToolsVersion = 9.2;
						ProvisioningStyle = Automatic;
						TestTargetID = 0509B22C202C554E000971D8;
					};
				};
			};
			buildConfigurationList = 0509B228202C554E000971D8 /* Build configuration list for PBXProject "VideoPlay" */;
			compatibilityVersion = "Xcode 8.0";
			developmentRegion = en;
			hasScannedForEncodings = 0;
			knownRegions = (
				en,
				Base,
			);
			mainGroup = 0509B224202C554D000971D8;
			productRefGroup = 0509B22E202C554E000971D8 /* Products */;
			projectDirPath = "";
			projectRoot = "";
			targets = (
				0509B22C202C554E000971D8 /* VideoPlay */,
				0509B244202C554E000971D8 /* VideoPlayTests */,
				0509B24F202C554E000971D8 /* VideoPlayUITests */,
			);
		};
/* End PBXProject section */

/* Begin PBXResourcesBuildPhase section */
		0509B22B202C554E000971D8 /* Resources */ = {
			isa = PBXResourcesBuildPhase;
			buildActionMask = 2147483647;
			files = (
				0509B23D202C554E000971D8 /* LaunchScreen.storyboard in Resources */,
				0509B23A202C554E000971D8 /* Assets.xcassets in Resources */,
				0509B238202C554E000971D8 /* Main.storyboard in Resources */,
			);
			runOnlyForDeploymentPostprocessing = 0;
		};
		0509B243202C554E000971D8 /* Resources */ = {
			isa = PBXResourcesBuildPhase;
			buildActionMask = 2147483647;
			files = (
			);
			runOnlyForDeploymentPostprocessing = 0;
		};
		0509B24E202C554E000971D8 /* Resources */ = {
			isa = PBXResourcesBuildPhase;
			buildActionMask = 2147483647;
			files = (
			);
			runOnlyForDeploymentPostprocessing = 0;
		};
/* End PBXResourcesBuildPhase section */

/* Begin PBXSourcesBuildPhase section */
		0509B229202C554E000971D8 /* Sources */ = {
			isa = PBXSourcesBuildPhase;
			buildActionMask = 2147483647;
			files = (
				0509B235202C554E000971D8 /* ViewController.m in Sources */,
				0509B240202C554E000971D8 /* main.m in Sources */,
				0509B232202C554E000971D8 /* AppDelegate.m in Sources */,
			);
			runOnlyForDeploymentPostprocessing = 0;
		};
		0509B241202C554E000971D8 /* Sources */ = {
			isa = PBXSourcesBuildPhase;
			buildActionMask = 2147483647;
			files = (
				0509B24A202C554E000971D8 /* VideoPlayTests.m in Sources */,
			);
			runOnlyForDeploymentPostprocessing = 0;
		};
		0509B24C202C554E000971D8 /* Sources */ = {
			isa = PBXSourcesBuildPhase;
			buildActionMask = 2147483647;
			files = (
				0509B255202C554E000971D8 /* VideoPlayUITests.m in Sources */,
			);
			runOnlyForDeploymentPostprocessing = 0;
		};
/* End PBXSourcesBuildPhase section */

/* Begin PBXTargetDependency section */
		0509B247202C554E000971D8 /* PBXTargetDependency */ = {
			isa = PBXTargetDependency;
			target = 0509B22C202C554E000971D8 /* VideoPlay */;
			targetProxy = 0509B246202C554E000971D8 /* PBXContainerItemProxy */;
		};
		0509B252202C554E000971D8 /* PBXTargetDependency */ = {
			isa = PBXTargetDependency;
			target = 0509B22C202C554E000971D8 /* VideoPlay */;
			targetProxy = 0509B251202C554E000971D8 /* PBXContainerItemProxy */;
		};
/* End PBXTargetDependency section */

/* Begin PBXVariantGroup section */
		0509B236202C554E000971D8 /* Main.storyboard */ = {
			isa = PBXVariantGroup;
			children = (
				0509B237202C554E000971D8 /* Base */,
			);
			name = Main.storyboard;
			sourceTree = "<group>";
		};
		0509B23B202C554E000971D8 /* LaunchScreen.storyboard */ = {
			isa = PBXVariantGroup;
			children = (
				0509B23C202C554E000971D8 /* Base */,
			);
			name = LaunchScreen.storyboard;
			sourceTree = "<group>";
		};
/* End PBXVariantGroup section */

/* Begin XCBuildConfiguration section */
		0509B257202C554E000971D8 /* Debug */ = {
			isa = XCBuildConfiguration;
			buildSettings = {
				ALWAYS_SEARCH_USER_PATHS = NO;
				CLANG_ANALYZER_NONNULL = YES;
				CLANG_ANALYZER_NUMBER_OBJECT_CONVERSION = YES_AGGRESSIVE;
				CLANG_CXX_LANGUAGE_STANDARD = "gnu++14";
				CLANG_CXX_LIBRARY = "libc++";
				CLANG_ENABLE_MODULES = YES;
				CLANG_ENABLE_OBJC_ARC = YES;
				CLANG_WARN_BLOCK_CAPTURE_AUTORELEASING = YES;
				CLANG_WARN_BOOL_CONVERSION = YES;
				CLANG_WARN_COMMA = YES;
				CLANG_WARN_CONSTANT_CONVERSION = YES;
				CLANG_WARN_DIRECT_OBJC_ISA_USAGE = YES_ERROR;
				CLANG_WARN_DOCUMENTATION_COMMENTS = YES;
				CLANG_WARN_EMPTY_BODY = YES;
				CLANG_WARN_ENUM_CONVERSION = YES;
				CLANG_WARN_INFINITE_RECURSION = YES;
				CLANG_WARN_INT_CONVERSION = YES;
				CLANG_WARN_NON_LITERAL_NULL_CONVERSION = YES;
				CLANG_WARN_OBJC_LITERAL_CONVERSION = YES;
				CLANG_WARN_OBJC_ROOT_CLASS = YES_ERROR;
				CLANG_WARN_RANGE_LOOP_ANALYSIS = YES;
				CLANG_WARN_STRICT_PROTOTYPES = YES;
				CLANG_WARN_SUSPICIOUS_MOVE = YES;
				CLANG_WARN_UNGUARDED_AVAILABILITY = YES_AGGRESSIVE;
				CLANG_WARN_UNREACHABLE_CODE = YES;
				CLANG_WARN__DUPLICATE_METHOD_MATCH = YES;
				CODE_SIGN_IDENTITY = "iPhone Developer";
				COPY_PHASE_STRIP = NO;
				DEBUG_INFORMATION_FORMAT = dwarf;
				ENABLE_STRICT_OBJC_MSGSEND = YES;
				ENABLE_TESTABILITY = YES;
				GCC_C_LANGUAGE_STANDARD = gnu11;
				GCC_DYNAMIC_NO_PIC = NO;
				GCC_NO_COMMON_BLOCKS = YES;
				GCC_OPTIMIZATION_LEVEL = 0;
				GCC_PREPROCESSOR_DEFINITIONS = (
					"DEBUG=1",
					"$(inherited)",
				);
				GCC_WARN_64_TO_32_BIT_CONVERSION = YES;
				GCC_WARN_ABOUT_RETURN_TYPE = YES_ERROR;
				GCC_WARN_UNDECLARED_SELECTOR = YES;
				GCC_WARN_UNINITIALIZED_AUTOS = YES_AGGRESSIVE;
				GCC_WARN_UNUSED_FUNCTION = YES;
				GCC_WARN_UNUSED_VARIABLE = YES;
				IPHONEOS_DEPLOYMENT_TARGET = 11.2;
				MTL_ENABLE_DEBUG_INFO = YES;
				ONLY_ACTIVE_ARCH = YES;
				SDKROOT = iphoneos;
			};
			name = Debug;
		};
		0509B258202C554E000971D8 /* Release */ = {
			isa = XCBuildConfiguration;
			buildSettings = {
				ALWAYS_SEARCH_USER_PATHS = NO;
				CLANG_ANALYZER_NONNULL = YES;
				CLANG_ANALYZER_NUMBER_OBJECT_CONVERSION = YES_AGGRESSIVE;
				CLANG_CXX_LANGUAGE_STANDARD = "gnu++14";
				CLANG_CXX_LIBRARY = "libc++";
				CLANG_ENABLE_MODULES = YES;
				CLANG_ENABLE_OBJC_ARC = YES;
				CLANG_WARN_BLOCK_CAPTURE_AUTORELEASING = YES;
				CLANG_WARN_BOOL_CONVERSION = YES;
				CLANG_WARN_COMMA = YES;
				CLANG_WARN_CONSTANT_CONVERSION = YES;
				CLANG_WARN_DIRECT_OBJC_ISA_USAGE = YES_ERROR;
				CLANG_WARN_DOCUMENTATION_COMMENTS = YES;
				CLANG_WARN_EMPTY_BODY = YES;
				CLANG_WARN_ENUM_CONVERSION = YES;
				CLANG_WARN_INFINITE_RECURSION = YES;
				CLANG_WARN_INT_CONVERSION = YES;
				CLANG_WARN_NON_LITERAL_NULL_CONVERSION = YES;
				CLANG_WARN_OBJC_LITERAL_CONVERSION = YES;
				CLANG_WARN_OBJC_ROOT_CLASS = YES_ERROR;
				CLANG_WARN_RANGE_LOOP_ANALYSIS = YES;
				CLANG_WARN_STRICT_PROTOTYPES = YES;
				CLANG_WARN_SUSPICIOUS_MOVE = YES;
				CLANG_WARN_UNGUARDED_AVAILABILITY = YES_AGGRESSIVE;
				CLANG_WARN_UNREACHABLE_CODE = YES;
				CLANG_WARN__DUPLICATE_METHOD_MATCH = YES;
				CODE_SIGN_IDENTITY = "iPhone Developer";
				COPY_PHASE_STRIP = NO;
				DEBUG_INFORMATION_FORMAT = "dwarf-with-dsym";
				ENABLE_NS_ASSERTIONS = NO;
				ENABLE_STRICT_OBJC_MSGSEND = YES;
				GCC_C_LANGUAGE_STANDARD = gnu11;
				GCC_NO_COMMON_BLOCKS = YES;
				GCC_WARN_64_TO_32_BIT_CONVERSION = YES;
				GCC_WARN_ABOUT_RETURN_TYPE = YES_ERROR;
				GCC_WARN_UNDECLARED_SELECTOR = YES;
				GCC_WARN_UNINITIALIZED_AUTOS = YES_AGGRESSIVE;
				GCC_WARN_UNUSED_FUNCTION = YES;
				GCC_WARN_UNUSED_VARIABLE = YES;
				IPHONEOS_DEPLOYMENT_TARGET = 11.2;
				MTL_ENABLE_DEBUG_INFO = NO;
				SDKROOT = iphoneos;
				VALIDATE_PRODUCT = YES;
			};
			name = Release;
		};
		0509B25A202C554E000971D8 /* Debug */ = {
			isa = XCBuildConfiguration;
			buildSettings = {
				ASSETCATALOG_COMPILER_APPICON_NAME = AppIcon;
				CODE_SIGN_STYLE = Automatic;
				INFOPLIST_FILE = VideoPlay/Info.plist;
				LD_RUNPATH_SEARCH_PATHS = "$(inherited) @executable_path/Frameworks";
				PRODUCT_BUNDLE_IDENTIFIER = haoyun.VideoPlay;
				PRODUCT_NAME = "$(TARGET_NAME)";
				TARGETED_DEVICE_FAMILY = "1,2";
			};
			name = Debug;
		};
		0509B25B202C554E000971D8 /* Release */ = {
			isa = XCBuildConfiguration;
			buildSettings = {
				ASSETCATALOG_COMPILER_APPICON_NAME = AppIcon;
				CODE_SIGN_STYLE = Automatic;
				INFOPLIST_FILE = VideoPlay/Info.plist;
				LD_RUNPATH_SEARCH_PATHS = "$(inherited) @executable_path/Frameworks";
				PRODUCT_BUNDLE_IDENTIFIER = haoyun.VideoPlay;
				PRODUCT_NAME = "$(TARGET_NAME)";
				TARGETED_DEVICE_FAMILY = "1,2";
			};
			name = Release;
		};
		0509B25D202C554E000971D8 /* Debug */ = {
			isa = XCBuildConfiguration;
			buildSettings = {
				BUNDLE_LOADER = "$(TEST_HOST)";
				CODE_SIGN_STYLE = Automatic;
				INFOPLIST_FILE = VideoPlayTests/Info.plist;
				LD_RUNPATH_SEARCH_PATHS = "$(inherited) @executable_path/Frameworks @loader_path/Frameworks";
				PRODUCT_BUNDLE_IDENTIFIER = haoyun.VideoPlayTests;
				PRODUCT_NAME = "$(TARGET_NAME)";
				TARGETED_DEVICE_FAMILY = "1,2";
				TEST_HOST = "$(BUILT_PRODUCTS_DIR)/VideoPlay.app/VideoPlay";
			};
			name = Debug;
		};
		0509B25E202C554E000971D8 /* Release */ = {
			isa = XCBuildConfiguration;
			buildSettings = {
				BUNDLE_LOADER = "$(TEST_HOST)";
				CODE_SIGN_STYLE = Automatic;
				INFOPLIST_FILE = VideoPlayTests/Info.plist;
				LD_RUNPATH_SEARCH_PATHS = "$(inherited) @executable_path/Frameworks @loader_path/Frameworks";
				PRODUCT_BUNDLE_IDENTIFIER = haoyun.VideoPlayTests;
				PRODUCT_NAME = "$(TARGET_NAME)";
				TARGETED_DEVICE_FAMILY = "1,2";
				TEST_HOST = "$(BUILT_PRODUCTS_DIR)/VideoPlay.app/VideoPlay";
			};
			name = Release;
		};
		0509B260202C554E000971D8 /* Debug */ = {
			isa = XCBuildConfiguration;
			buildSettings = {
				CODE_SIGN_STYLE = Automatic;
				INFOPLIST_FILE = VideoPlayUITests/Info.plist;
				LD_RUNPATH_SEARCH_PATHS = "$(inherited) @executable_path/Frameworks @loader_path/Frameworks";
				PRODUCT_BUNDLE_IDENTIFIER = haoyun.VideoPlayUITests;
				PRODUCT_NAME = "$(TARGET_NAME)";
				TARGETED_DEVICE_FAMILY = "1,2";
				TEST_TARGET_NAME = VideoPlay;
			};
			name = Debug;
		};
		0509B261202C554E000971D8 /* Release */ = {
			isa = XCBuildConfiguration;
			buildSettings = {
				CODE_SIGN_STYLE = Automatic;
				INFOPLIST_FILE = VideoPlayUITests/Info.plist;
				LD_RUNPATH_SEARCH_PATHS = "$(inherited) @executable_path/Frameworks @loader_path/Frameworks";
				PRODUCT_BUNDLE_IDENTIFIER = haoyun.VideoPlayUITests;
				PRODUCT_NAME = "$(TARGET_NAME)";
				TARGETED_DEVICE_FAMILY = "1,2";
				TEST_TARGET_NAME = VideoPlay;
			};
			name = Release;
		};
/* End XCBuildConfiguration section */

/* Begin XCConfigurationList section */
		0509B228202C554E000971D8 /* Build configuration list for PBXProject "VideoPlay" */ = {
			isa = XCConfigurationList;
			buildConfigurations = (
				0509B257202C554E000971D8 /* Debug */,
				0509B258202C554E000971D8 /* Release */,
			);
			defaultConfigurationIsVisible = 0;
			defaultConfigurationName = Release;
		};
		0509B259202C554E000971D8 /* Build configuration list for PBXNativeTarget "VideoPlay" */ = {
			isa = XCConfigurationList;
			buildConfigurations = (
				0509B25A202C554E000971D8 /* Debug */,
				0509B25B202C554E000971D8 /* Release */,
			);
			defaultConfigurationIsVisible = 0;
			defaultConfigurationName = Release;
		};
		0509B25C202C554E000971D8 /* Build configuration list for PBXNativeTarget "VideoPlayTests" */ = {
			isa = XCConfigurationList;
			buildConfigurations = (
				0509B25D202C554E000971D8 /* Debug */,
				0509B25E202C554E000971D8 /* Release */,
			);
			defaultConfigurationIsVisible = 0;
			defaultConfigurationName = Release;
		};
		0509B25F202C554E000971D8 /* Build configuration list for PBXNativeTarget "VideoPlayUITests" */ = {
			isa = XCConfigurationList;
			buildConfigurations = (
				0509B260202C554E000971D8 /* Debug */,
				0509B261202C554E000971D8 /* Release */,
			);
			defaultConfigurationIsVisible = 0;
			defaultConfigurationName = Release;
		};
/* End XCConfigurationList section */
	};
	rootObject = 0509B225202C554D000971D8 /* Project object */;
}
